// !$*UTF8*$!
{
	archiveVersion = 1;
	classes = {
	};
	objectVersion = 46;
	objects = {

/* Begin PBXBuildFile section */
		2F698DC694C439F367D48BB9 /* Pods_Get2U.framework in Frameworks */ = {isa = PBXBuildFile; fileRef = D1F5F1A50E0FD4F26FA632AE /* Pods_Get2U.framework */; };
		6B8947FAB1826F46A8D21459 /* Pods_Get2UTests.framework in Frameworks */ = {isa = PBXBuildFile; fileRef = F509E69656446F4077CAFF09 /* Pods_Get2UTests.framework */; };
		922BCDAF1E8FDD8B00449FD3 /* AppDelegate.swift in Sources */ = {isa = PBXBuildFile; fileRef = 922BCDAE1E8FDD8B00449FD3 /* AppDelegate.swift */; };
		922BCDB41E8FDD8B00449FD3 /* Main.storyboard in Resources */ = {isa = PBXBuildFile; fileRef = 922BCDB21E8FDD8B00449FD3 /* Main.storyboard */; };
		922BCDB61E8FDD8B00449FD3 /* Assets.xcassets in Resources */ = {isa = PBXBuildFile; fileRef = 922BCDB51E8FDD8B00449FD3 /* Assets.xcassets */; };
		922BCDC41E8FDD8B00449FD3 /* Get2UTests.swift in Sources */ = {isa = PBXBuildFile; fileRef = 922BCDC31E8FDD8B00449FD3 /* Get2UTests.swift */; };
		922BCDCF1E8FDD8B00449FD3 /* Get2UUITests.swift in Sources */ = {isa = PBXBuildFile; fileRef = 922BCDCE1E8FDD8B00449FD3 /* Get2UUITests.swift */; };
		922BCDDD1E8FDEEE00449FD3 /* GoogleService-Info.plist in Resources */ = {isa = PBXBuildFile; fileRef = 922BCDDC1E8FDEEE00449FD3 /* GoogleService-Info.plist */; };
		925E26DA1E8FF15C0075769F /* MainMapVC.swift in Sources */ = {isa = PBXBuildFile; fileRef = 925E26D91E8FF15C0075769F /* MainMapVC.swift */; };
		925E26DC1E8FFB1D0075769F /* MapKit.framework in Frameworks */ = {isa = PBXBuildFile; fileRef = 925E26DB1E8FFB1D0075769F /* MapKit.framework */; };
		927F89AF1E9416B4008FE635 /* Sandwich.png in Resources */ = {isa = PBXBuildFile; fileRef = 927F89AE1E9416B4008FE635 /* Sandwich.png */; };
		927F89B11E9416C1008FE635 /* Coffee.png in Resources */ = {isa = PBXBuildFile; fileRef = 927F89B01E9416C1008FE635 /* Coffee.png */; };
		927F89B31E942ACA008FE635 /* pikachu.png in Resources */ = {isa = PBXBuildFile; fileRef = 927F89B21E942ACA008FE635 /* pikachu.png */; };
		9CBA60BE54CD8B22511D2A16 /* Pods_Get2U.framework in Frameworks */ = {isa = PBXBuildFile; fileRef = 82D01781780049F1788AFD6C /* Pods_Get2U.framework */; };
		C46FBC306F3FD08ED3FFDCC7 /* Pods_Get2UUITests.framework in Frameworks */ = {isa = PBXBuildFile; fileRef = 2E073F40C7EFA36CAC44D531 /* Pods_Get2UUITests.framework */; };
		D6F70898BB172674E71C7742 /* Pods_Get2UTests.framework in Frameworks */ = {isa = PBXBuildFile; fileRef = 7D5D1F33FBDF50D53BC741C7 /* Pods_Get2UTests.framework */; };
		EDD0ACB33D4CDB89773C5DA1 /* Pods_Get2UUITests.framework in Frameworks */ = {isa = PBXBuildFile; fileRef = 6A3AE36D656CA5BA6DB9B403 /* Pods_Get2UUITests.framework */; };
/* End PBXBuildFile section */

/* Begin PBXContainerItemProxy section */
		922BCDC01E8FDD8B00449FD3 /* PBXContainerItemProxy */ = {
			isa = PBXContainerItemProxy;
			containerPortal = 922BCDA31E8FDD8B00449FD3 /* Project object */;
			proxyType = 1;
			remoteGlobalIDString = 922BCDAA1E8FDD8B00449FD3;
			remoteInfo = Get2U;
		};
		922BCDCB1E8FDD8B00449FD3 /* PBXContainerItemProxy */ = {
			isa = PBXContainerItemProxy;
			containerPortal = 922BCDA31E8FDD8B00449FD3 /* Project object */;
			proxyType = 1;
			remoteGlobalIDString = 922BCDAA1E8FDD8B00449FD3;
			remoteInfo = Get2U;
		};
/* End PBXContainerItemProxy section */

/* Begin PBXFileReference section */
		1515D42FF60A6C5193379195 /* Pods-Get2UTests.debug.xcconfig */ = {isa = PBXFileReference; includeInIndex = 1; lastKnownFileType = text.xcconfig; name = "Pods-Get2UTests.debug.xcconfig"; path = "Pods/Target Support Files/Pods-Get2UTests/Pods-Get2UTests.debug.xcconfig"; sourceTree = "<group>"; };
		2E073F40C7EFA36CAC44D531 /* Pods_Get2UUITests.framework */ = {isa = PBXFileReference; explicitFileType = wrapper.framework; includeInIndex = 0; path = Pods_Get2UUITests.framework; sourceTree = BUILT_PRODUCTS_DIR; };
		437EC2DFBC4A2D6221BC6383 /* Pods-Get2UUITests.debug.xcconfig */ = {isa = PBXFileReference; includeInIndex = 1; lastKnownFileType = text.xcconfig; name = "Pods-Get2UUITests.debug.xcconfig"; path = "Pods/Target Support Files/Pods-Get2UUITests/Pods-Get2UUITests.debug.xcconfig"; sourceTree = "<group>"; };
		561482C2840EAF76FD772A55 /* Pods-Get2UUITests.release.xcconfig */ = {isa = PBXFileReference; includeInIndex = 1; lastKnownFileType = text.xcconfig; name = "Pods-Get2UUITests.release.xcconfig"; path = "Pods/Target Support Files/Pods-Get2UUITests/Pods-Get2UUITests.release.xcconfig"; sourceTree = "<group>"; };
		6A3AE36D656CA5BA6DB9B403 /* Pods_Get2UUITests.framework */ = {isa = PBXFileReference; explicitFileType = wrapper.framework; includeInIndex = 0; path = Pods_Get2UUITests.framework; sourceTree = BUILT_PRODUCTS_DIR; };
		7D5D1F33FBDF50D53BC741C7 /* Pods_Get2UTests.framework */ = {isa = PBXFileReference; explicitFileType = wrapper.framework; includeInIndex = 0; path = Pods_Get2UTests.framework; sourceTree = BUILT_PRODUCTS_DIR; };
		82D01781780049F1788AFD6C /* Pods_Get2U.framework */ = {isa = PBXFileReference; explicitFileType = wrapper.framework; includeInIndex = 0; path = Pods_Get2U.framework; sourceTree = BUILT_PRODUCTS_DIR; };
		86B1089973EB30B945B88C78 /* Pods-Get2UTests.release.xcconfig */ = {isa = PBXFileReference; includeInIndex = 1; lastKnownFileType = text.xcconfig; name = "Pods-Get2UTests.release.xcconfig"; path = "Pods/Target Support Files/Pods-Get2UTests/Pods-Get2UTests.release.xcconfig"; sourceTree = "<group>"; };
		922BCDAB1E8FDD8B00449FD3 /* Get2U.app */ = {isa = PBXFileReference; explicitFileType = wrapper.application; includeInIndex = 0; path = Get2U.app; sourceTree = BUILT_PRODUCTS_DIR; };
		922BCDAE1E8FDD8B00449FD3 /* AppDelegate.swift */ = {isa = PBXFileReference; lastKnownFileType = sourcecode.swift; path = AppDelegate.swift; sourceTree = "<group>"; };
		922BCDB31E8FDD8B00449FD3 /* Base */ = {isa = PBXFileReference; lastKnownFileType = file.storyboard; name = Base; path = Base.lproj/Main.storyboard; sourceTree = "<group>"; };
		922BCDB51E8FDD8B00449FD3 /* Assets.xcassets */ = {isa = PBXFileReference; lastKnownFileType = folder.assetcatalog; path = Assets.xcassets; sourceTree = "<group>"; };
		922BCDBA1E8FDD8B00449FD3 /* Info.plist */ = {isa = PBXFileReference; lastKnownFileType = text.plist.xml; path = Info.plist; sourceTree = "<group>"; };
		922BCDBF1E8FDD8B00449FD3 /* Get2UTests.xctest */ = {isa = PBXFileReference; explicitFileType = wrapper.cfbundle; includeInIndex = 0; path = Get2UTests.xctest; sourceTree = BUILT_PRODUCTS_DIR; };
		922BCDC31E8FDD8B00449FD3 /* Get2UTests.swift */ = {isa = PBXFileReference; lastKnownFileType = sourcecode.swift; path = Get2UTests.swift; sourceTree = "<group>"; };
		922BCDC51E8FDD8B00449FD3 /* Info.plist */ = {isa = PBXFileReference; lastKnownFileType = text.plist.xml; path = Info.plist; sourceTree = "<group>"; };
		922BCDCA1E8FDD8B00449FD3 /* Get2UUITests.xctest */ = {isa = PBXFileReference; explicitFileType = wrapper.cfbundle; includeInIndex = 0; path = Get2UUITests.xctest; sourceTree = BUILT_PRODUCTS_DIR; };
		922BCDCE1E8FDD8B00449FD3 /* Get2UUITests.swift */ = {isa = PBXFileReference; lastKnownFileType = sourcecode.swift; path = Get2UUITests.swift; sourceTree = "<group>"; };
		922BCDD01E8FDD8B00449FD3 /* Info.plist */ = {isa = PBXFileReference; lastKnownFileType = text.plist.xml; path = Info.plist; sourceTree = "<group>"; };
		922BCDDC1E8FDEEE00449FD3 /* GoogleService-Info.plist */ = {isa = PBXFileReference; fileEncoding = 4; lastKnownFileType = text.plist.xml; path = "GoogleService-Info.plist"; sourceTree = "<group>"; };
		925E26D91E8FF15C0075769F /* MainMapVC.swift */ = {isa = PBXFileReference; fileEncoding = 4; lastKnownFileType = sourcecode.swift; path = MainMapVC.swift; sourceTree = "<group>"; };
		925E26DB1E8FFB1D0075769F /* MapKit.framework */ = {isa = PBXFileReference; lastKnownFileType = wrapper.framework; name = MapKit.framework; path = System/Library/Frameworks/MapKit.framework; sourceTree = SDKROOT; };
		927F89AE1E9416B4008FE635 /* Sandwich.png */ = {isa = PBXFileReference; lastKnownFileType = image.png; path = Sandwich.png; sourceTree = "<group>"; };
		927F89B01E9416C1008FE635 /* Coffee.png */ = {isa = PBXFileReference; lastKnownFileType = image.png; path = Coffee.png; sourceTree = "<group>"; };
		927F89B21E942ACA008FE635 /* pikachu.png */ = {isa = PBXFileReference; lastKnownFileType = image.png; path = pikachu.png; sourceTree = "<group>"; };
		B14CA95C5D6E7328F9633901 /* Pods-Get2U.debug.xcconfig */ = {isa = PBXFileReference; includeInIndex = 1; lastKnownFileType = text.xcconfig; name = "Pods-Get2U.debug.xcconfig"; path = "Pods/Target Support Files/Pods-Get2U/Pods-Get2U.debug.xcconfig"; sourceTree = "<group>"; };
		D1F5F1A50E0FD4F26FA632AE /* Pods_Get2U.framework */ = {isa = PBXFileReference; explicitFileType = wrapper.framework; includeInIndex = 0; path = Pods_Get2U.framework; sourceTree = BUILT_PRODUCTS_DIR; };
		EF1EA40588C3398B20CE80DB /* Pods-Get2U.release.xcconfig */ = {isa = PBXFileReference; includeInIndex = 1; lastKnownFileType = text.xcconfig; name = "Pods-Get2U.release.xcconfig"; path = "Pods/Target Support Files/Pods-Get2U/Pods-Get2U.release.xcconfig"; sourceTree = "<group>"; };
		F509E69656446F4077CAFF09 /* Pods_Get2UTests.framework */ = {isa = PBXFileReference; explicitFileType = wrapper.framework; includeInIndex = 0; path = Pods_Get2UTests.framework; sourceTree = BUILT_PRODUCTS_DIR; };
/* End PBXFileReference section */

/* Begin PBXFrameworksBuildPhase section */
		922BCDA81E8FDD8B00449FD3 /* Frameworks */ = {
			isa = PBXFrameworksBuildPhase;
			buildActionMask = 2147483647;
			files = (
				925E26DC1E8FFB1D0075769F /* MapKit.framework in Frameworks */,
				2F698DC694C439F367D48BB9 /* Pods_Get2U.framework in Frameworks */,
				9CBA60BE54CD8B22511D2A16 /* Pods_Get2U.framework in Frameworks */,
			);
			runOnlyForDeploymentPostprocessing = 0;
		};
		922BCDBC1E8FDD8B00449FD3 /* Frameworks */ = {
			isa = PBXFrameworksBuildPhase;
			buildActionMask = 2147483647;
			files = (
				D6F70898BB172674E71C7742 /* Pods_Get2UTests.framework in Frameworks */,
				6B8947FAB1826F46A8D21459 /* Pods_Get2UTests.framework in Frameworks */,
			);
			runOnlyForDeploymentPostprocessing = 0;
		};
		922BCDC71E8FDD8B00449FD3 /* Frameworks */ = {
			isa = PBXFrameworksBuildPhase;
			buildActionMask = 2147483647;
			files = (
				EDD0ACB33D4CDB89773C5DA1 /* Pods_Get2UUITests.framework in Frameworks */,
				C46FBC306F3FD08ED3FFDCC7 /* Pods_Get2UUITests.framework in Frameworks */,
			);
			runOnlyForDeploymentPostprocessing = 0;
		};
/* End PBXFrameworksBuildPhase section */

/* Begin PBXGroup section */
		129235A4D8E516A54003C394 /* Frameworks */ = {
			isa = PBXGroup;
			children = (
				D1F5F1A50E0FD4F26FA632AE /* Pods_Get2U.framework */,
				7D5D1F33FBDF50D53BC741C7 /* Pods_Get2UTests.framework */,
				6A3AE36D656CA5BA6DB9B403 /* Pods_Get2UUITests.framework */,
			);
			name = Frameworks;
			sourceTree = "<group>";
		};
		2C9562530266A8EEC0E75715 /* Pods */ = {
			isa = PBXGroup;
			children = (
				129235A4D8E516A54003C394 /* Frameworks */,
				B14CA95C5D6E7328F9633901 /* Pods-Get2U.debug.xcconfig */,
				EF1EA40588C3398B20CE80DB /* Pods-Get2U.release.xcconfig */,
				1515D42FF60A6C5193379195 /* Pods-Get2UTests.debug.xcconfig */,
				86B1089973EB30B945B88C78 /* Pods-Get2UTests.release.xcconfig */,
				437EC2DFBC4A2D6221BC6383 /* Pods-Get2UUITests.debug.xcconfig */,
				561482C2840EAF76FD772A55 /* Pods-Get2UUITests.release.xcconfig */,
			);
			name = Pods;
			sourceTree = "<group>";
		};
		3B40C103DD3CFC098B60A2F9 /* Frameworks */ = {
			isa = PBXGroup;
			children = (
				925E26DB1E8FFB1D0075769F /* MapKit.framework */,
				82D01781780049F1788AFD6C /* Pods_Get2U.framework */,
				F509E69656446F4077CAFF09 /* Pods_Get2UTests.framework */,
				2E073F40C7EFA36CAC44D531 /* Pods_Get2UUITests.framework */,
			);
			name = Frameworks;
			sourceTree = "<group>";
		};
		922BCDA21E8FDD8B00449FD3 = {
			isa = PBXGroup;
			children = (
				922BCDAD1E8FDD8B00449FD3 /* Get2U */,
				922BCDC21E8FDD8B00449FD3 /* Get2UTests */,
				922BCDCD1E8FDD8B00449FD3 /* Get2UUITests */,
				922BCDAC1E8FDD8B00449FD3 /* Products */,
				2C9562530266A8EEC0E75715 /* Pods */,
				3B40C103DD3CFC098B60A2F9 /* Frameworks */,
			);
			sourceTree = "<group>";
		};
		922BCDAC1E8FDD8B00449FD3 /* Products */ = {
			isa = PBXGroup;
			children = (
				922BCDAB1E8FDD8B00449FD3 /* Get2U.app */,
				922BCDBF1E8FDD8B00449FD3 /* Get2UTests.xctest */,
				922BCDCA1E8FDD8B00449FD3 /* Get2UUITests.xctest */,
			);
			name = Products;
			sourceTree = "<group>";
		};
		922BCDAD1E8FDD8B00449FD3 /* Get2U */ = {
			isa = PBXGroup;
			children = (
				927F89AD1E941617008FE635 /* resources */,
				922BCDAE1E8FDD8B00449FD3 /* AppDelegate.swift */,
				922BCDB21E8FDD8B00449FD3 /* Main.storyboard */,
				925E26D91E8FF15C0075769F /* MainMapVC.swift */,
				922BCDB51E8FDD8B00449FD3 /* Assets.xcassets */,
				922BCDBA1E8FDD8B00449FD3 /* Info.plist */,
				922BCDDC1E8FDEEE00449FD3 /* GoogleService-Info.plist */,
			);
			path = Get2U;
			sourceTree = "<group>";
		};
		922BCDC21E8FDD8B00449FD3 /* Get2UTests */ = {
			isa = PBXGroup;
			children = (
				922BCDC31E8FDD8B00449FD3 /* Get2UTests.swift */,
				922BCDC51E8FDD8B00449FD3 /* Info.plist */,
			);
			path = Get2UTests;
			sourceTree = "<group>";
		};
		922BCDCD1E8FDD8B00449FD3 /* Get2UUITests */ = {
			isa = PBXGroup;
			children = (
				922BCDCE1E8FDD8B00449FD3 /* Get2UUITests.swift */,
				922BCDD01E8FDD8B00449FD3 /* Info.plist */,
			);
			path = Get2UUITests;
			sourceTree = "<group>";
		};
		927F89AD1E941617008FE635 /* resources */ = {
			isa = PBXGroup;
			children = (
				927F89B21E942ACA008FE635 /* pikachu.png */,
				927F89B01E9416C1008FE635 /* Coffee.png */,
				927F89AE1E9416B4008FE635 /* Sandwich.png */,
			);
			name = resources;
			sourceTree = "<group>";
		};
/* End PBXGroup section */

/* Begin PBXNativeTarget section */
		922BCDAA1E8FDD8B00449FD3 /* Get2U */ = {
			isa = PBXNativeTarget;
			buildConfigurationList = 922BCDD31E8FDD8B00449FD3 /* Build configuration list for PBXNativeTarget "Get2U" */;
			buildPhases = (
				B1E1DB467928BA8AF0AB333D /* [CP] Check Pods Manifest.lock */,
				922BCDA71E8FDD8B00449FD3 /* Sources */,
				922BCDA81E8FDD8B00449FD3 /* Frameworks */,
				922BCDA91E8FDD8B00449FD3 /* Resources */,
				385CBF141659CC6BE0E2DF82 /* [CP] Embed Pods Frameworks */,
				3E3818D09F8387E7CB39C139 /* [CP] Copy Pods Resources */,
			);
			buildRules = (
			);
			dependencies = (
			);
			name = Get2U;
			productName = Get2U;
			productReference = 922BCDAB1E8FDD8B00449FD3 /* Get2U.app */;
			productType = "com.apple.product-type.application";
		};
		922BCDBE1E8FDD8B00449FD3 /* Get2UTests */ = {
			isa = PBXNativeTarget;
			buildConfigurationList = 922BCDD61E8FDD8B00449FD3 /* Build configuration list for PBXNativeTarget "Get2UTests" */;
			buildPhases = (
				8FEAAD1FD2DB26F40AEFE5B8 /* [CP] Check Pods Manifest.lock */,
				922BCDBB1E8FDD8B00449FD3 /* Sources */,
				922BCDBC1E8FDD8B00449FD3 /* Frameworks */,
				922BCDBD1E8FDD8B00449FD3 /* Resources */,
				81998F8C2288E616575E7442 /* [CP] Embed Pods Frameworks */,
				30D463AFDA2EAD07722077A3 /* [CP] Copy Pods Resources */,
			);
			buildRules = (
			);
			dependencies = (
				922BCDC11E8FDD8B00449FD3 /* PBXTargetDependency */,
			);
			name = Get2UTests;
			productName = Get2UTests;
			productReference = 922BCDBF1E8FDD8B00449FD3 /* Get2UTests.xctest */;
			productType = "com.apple.product-type.bundle.unit-test";
		};
		922BCDC91E8FDD8B00449FD3 /* Get2UUITests */ = {
			isa = PBXNativeTarget;
			buildConfigurationList = 922BCDD91E8FDD8B00449FD3 /* Build configuration list for PBXNativeTarget "Get2UUITests" */;
			buildPhases = (
				6AA1971F94F9DF8881D3B9F0 /* [CP] Check Pods Manifest.lock */,
				922BCDC61E8FDD8B00449FD3 /* Sources */,
				922BCDC71E8FDD8B00449FD3 /* Frameworks */,
				922BCDC81E8FDD8B00449FD3 /* Resources */,
				9668D87F250DCFBC3A40B109 /* [CP] Embed Pods Frameworks */,
				04D5CCD362149637AD55B5BC /* [CP] Copy Pods Resources */,
			);
			buildRules = (
			);
			dependencies = (
				922BCDCC1E8FDD8B00449FD3 /* PBXTargetDependency */,
			);
			name = Get2UUITests;
			productName = Get2UUITests;
			productReference = 922BCDCA1E8FDD8B00449FD3 /* Get2UUITests.xctest */;
			productType = "com.apple.product-type.bundle.ui-testing";
		};
/* End PBXNativeTarget section */

/* Begin PBXProject section */
		922BCDA31E8FDD8B00449FD3 /* Project object */ = {
			isa = PBXProject;
			attributes = {
				LastSwiftUpdateCheck = 0830;
				LastUpgradeCheck = 0830;
				ORGANIZATIONNAME = Yoshi;
				TargetAttributes = {
					922BCDAA1E8FDD8B00449FD3 = {
						CreatedOnToolsVersion = 8.3;
						ProvisioningStyle = Automatic;
						SystemCapabilities = {
							com.apple.Maps.iOS = {
								enabled = 1;
							};
						};
					};
					922BCDBE1E8FDD8B00449FD3 = {
						CreatedOnToolsVersion = 8.3;
						ProvisioningStyle = Automatic;
						TestTargetID = 922BCDAA1E8FDD8B00449FD3;
					};
					922BCDC91E8FDD8B00449FD3 = {
						CreatedOnToolsVersion = 8.3;
						ProvisioningStyle = Automatic;
						TestTargetID = 922BCDAA1E8FDD8B00449FD3;
					};
				};
			};
			buildConfigurationList = 922BCDA61E8FDD8B00449FD3 /* Build configuration list for PBXProject "Get2U" */;
			compatibilityVersion = "Xcode 3.2";
			developmentRegion = English;
			hasScannedForEncodings = 0;
			knownRegions = (
				en,
				Base,
			);
			mainGroup = 922BCDA21E8FDD8B00449FD3;
			productRefGroup = 922BCDAC1E8FDD8B00449FD3 /* Products */;
			projectDirPath = "";
			projectRoot = "";
			targets = (
				922BCDAA1E8FDD8B00449FD3 /* Get2U */,
				922BCDBE1E8FDD8B00449FD3 /* Get2UTests */,
				922BCDC91E8FDD8B00449FD3 /* Get2UUITests */,
			);
		};
/* End PBXProject section */

/* Begin PBXResourcesBuildPhase section */
		922BCDA91E8FDD8B00449FD3 /* Resources */ = {
			isa = PBXResourcesBuildPhase;
			buildActionMask = 2147483647;
			files = (
				922BCDDD1E8FDEEE00449FD3 /* GoogleService-Info.plist in Resources */,
				927F89AF1E9416B4008FE635 /* Sandwich.png in Resources */,
				922BCDB61E8FDD8B00449FD3 /* Assets.xcassets in Resources */,
				922BCDB41E8FDD8B00449FD3 /* Main.storyboard in Resources */,
				927F89B11E9416C1008FE635 /* Coffee.png in Resources */,
				927F89B31E942ACA008FE635 /* pikachu.png in Resources */,
			);
			runOnlyForDeploymentPostprocessing = 0;
		};
		922BCDBD1E8FDD8B00449FD3 /* Resources */ = {
			isa = PBXResourcesBuildPhase;
			buildActionMask = 2147483647;
			files = (
			);
			runOnlyForDeploymentPostprocessing = 0;
		};
		922BCDC81E8FDD8B00449FD3 /* Resources */ = {
			isa = PBXResourcesBuildPhase;
			buildActionMask = 2147483647;
			files = (
			);
			runOnlyForDeploymentPostprocessing = 0;
		};
/* End PBXResourcesBuildPhase section */

/* Begin PBXShellScriptBuildPhase section */
		04D5CCD362149637AD55B5BC /* [CP] Copy Pods Resources */ = {
			isa = PBXShellScriptBuildPhase;
			buildActionMask = 2147483647;
			files = (
			);
			inputPaths = (
			);
			name = "[CP] Copy Pods Resources";
			outputPaths = (
			);
			runOnlyForDeploymentPostprocessing = 0;
			shellPath = /bin/sh;
			shellScript = "\"${SRCROOT}/Pods/Target Support Files/Pods-Get2UUITests/Pods-Get2UUITests-resources.sh\"\n";
			showEnvVarsInLog = 0;
		};
		30D463AFDA2EAD07722077A3 /* [CP] Copy Pods Resources */ = {
			isa = PBXShellScriptBuildPhase;
			buildActionMask = 2147483647;
			files = (
			);
			inputPaths = (
			);
			name = "[CP] Copy Pods Resources";
			outputPaths = (
			);
			runOnlyForDeploymentPostprocessing = 0;
			shellPath = /bin/sh;
			shellScript = "\"${SRCROOT}/Pods/Target Support Files/Pods-Get2UTests/Pods-Get2UTests-resources.sh\"\n";
			showEnvVarsInLog = 0;
		};
		385CBF141659CC6BE0E2DF82 /* [CP] Embed Pods Frameworks */ = {
			isa = PBXShellScriptBuildPhase;
			buildActionMask = 2147483647;
			files = (
			);
			inputPaths = (
			);
			name = "[CP] Embed Pods Frameworks";
			outputPaths = (
			);
			runOnlyForDeploymentPostprocessing = 0;
			shellPath = /bin/sh;
			shellScript = "\"${SRCROOT}/Pods/Target Support Files/Pods-Get2U/Pods-Get2U-frameworks.sh\"\n";
			showEnvVarsInLog = 0;
		};
		3E3818D09F8387E7CB39C139 /* [CP] Copy Pods Resources */ = {
			isa = PBXShellScriptBuildPhase;
			buildActionMask = 2147483647;
			files = (
			);
			inputPaths = (
			);
			name = "[CP] Copy Pods Resources";
			outputPaths = (
			);
			runOnlyForDeploymentPostprocessing = 0;
			shellPath = /bin/sh;
			shellScript = "\"${SRCROOT}/Pods/Target Support Files/Pods-Get2U/Pods-Get2U-resources.sh\"\n";
			showEnvVarsInLog = 0;
		};
		6AA1971F94F9DF8881D3B9F0 /* [CP] Check Pods Manifest.lock */ = {
			isa = PBXShellScriptBuildPhase;
			buildActionMask = 2147483647;
			files = (
			);
			inputPaths = (
			);
			name = "[CP] Check Pods Manifest.lock";
			outputPaths = (
			);
			runOnlyForDeploymentPostprocessing = 0;
			shellPath = /bin/sh;
			shellScript = "diff \"${PODS_ROOT}/../Podfile.lock\" \"${PODS_ROOT}/Manifest.lock\" > /dev/null\nif [ $? != 0 ] ; then\n    # print error to STDERR\n    echo \"error: The sandbox is not in sync with the Podfile.lock. Run 'pod install' or update your CocoaPods installation.\" >&2\n    exit 1\nfi\n";
			showEnvVarsInLog = 0;
		};
		81998F8C2288E616575E7442 /* [CP] Embed Pods Frameworks */ = {
			isa = PBXShellScriptBuildPhase;
			buildActionMask = 2147483647;
			files = (
			);
			inputPaths = (
			);
			name = "[CP] Embed Pods Frameworks";
			outputPaths = (
			);
			runOnlyForDeploymentPostprocessing = 0;
			shellPath = /bin/sh;
			shellScript = "\"${SRCROOT}/Pods/Target Support Files/Pods-Get2UTests/Pods-Get2UTests-frameworks.sh\"\n";
			showEnvVarsInLog = 0;
		};
		8FEAAD1FD2DB26F40AEFE5B8 /* [CP] Check Pods Manifest.lock */ = {
			isa = PBXShellScriptBuildPhase;
			buildActionMask = 2147483647;
			files = (
			);
			inputPaths = (
			);
			name = "[CP] Check Pods Manifest.lock";
			outputPaths = (
			);
			runOnlyForDeploymentPostprocessing = 0;
			shellPath = /bin/sh;
			shellScript = "diff \"${PODS_ROOT}/../Podfile.lock\" \"${PODS_ROOT}/Manifest.lock\" > /dev/null\nif [ $? != 0 ] ; then\n    # print error to STDERR\n    echo \"error: The sandbox is not in sync with the Podfile.lock. Run 'pod install' or update your CocoaPods installation.\" >&2\n    exit 1\nfi\n";
			showEnvVarsInLog = 0;
		};
		9668D87F250DCFBC3A40B109 /* [CP] Embed Pods Frameworks */ = {
			isa = PBXShellScriptBuildPhase;
			buildActionMask = 2147483647;
			files = (
			);
			inputPaths = (
			);
			name = "[CP] Embed Pods Frameworks";
			outputPaths = (
			);
			runOnlyForDeploymentPostprocessing = 0;
			shellPath = /bin/sh;
			shellScript = "\"${SRCROOT}/Pods/Target Support Files/Pods-Get2UUITests/Pods-Get2UUITests-frameworks.sh\"\n";
			showEnvVarsInLog = 0;
		};
		B1E1DB467928BA8AF0AB333D /* [CP] Check Pods Manifest.lock */ = {
			isa = PBXShellScriptBuildPhase;
			buildActionMask = 2147483647;
			files = (
			);
			inputPaths = (
			);
			name = "[CP] Check Pods Manifest.lock";
			outputPaths = (
			);
			runOnlyForDeploymentPostprocessing = 0;
			shellPath = /bin/sh;
			shellScript = "diff \"${PODS_ROOT}/../Podfile.lock\" \"${PODS_ROOT}/Manifest.lock\" > /dev/null\nif [ $? != 0 ] ; then\n    # print error to STDERR\n    echo \"error: The sandbox is not in sync with the Podfile.lock. Run 'pod install' or update your CocoaPods installation.\" >&2\n    exit 1\nfi\n";
			showEnvVarsInLog = 0;
		};
/* End PBXShellScriptBuildPhase section */

/* Begin PBXSourcesBuildPhase section */
		922BCDA71E8FDD8B00449FD3 /* Sources */ = {
			isa = PBXSourcesBuildPhase;
			buildActionMask = 2147483647;
			files = (
				925E26DA1E8FF15C0075769F /* MainMapVC.swift in Sources */,
				922BCDAF1E8FDD8B00449FD3 /* AppDelegate.swift in Sources */,
			);
			runOnlyForDeploymentPostprocessing = 0;
		};
		922BCDBB1E8FDD8B00449FD3 /* Sources */ = {
			isa = PBXSourcesBuildPhase;
			buildActionMask = 2147483647;
			files = (
				922BCDC41E8FDD8B00449FD3 /* Get2UTests.swift in Sources */,
			);
			runOnlyForDeploymentPostprocessing = 0;
		};
		922BCDC61E8FDD8B00449FD3 /* Sources */ = {
			isa = PBXSourcesBuildPhase;
			buildActionMask = 2147483647;
			files = (
				922BCDCF1E8FDD8B00449FD3 /* Get2UUITests.swift in Sources */,
			);
			runOnlyForDeploymentPostprocessing = 0;
		};
/* End PBXSourcesBuildPhase section */

/* Begin PBXTargetDependency section */
		922BCDC11E8FDD8B00449FD3 /* PBXTargetDependency */ = {
			isa = PBXTargetDependency;
			target = 922BCDAA1E8FDD8B00449FD3 /* Get2U */;
			targetProxy = 922BCDC01E8FDD8B00449FD3 /* PBXContainerItemProxy */;
		};
		922BCDCC1E8FDD8B00449FD3 /* PBXTargetDependency */ = {
			isa = PBXTargetDependency;
			target = 922BCDAA1E8FDD8B00449FD3 /* Get2U */;
			targetProxy = 922BCDCB1E8FDD8B00449FD3 /* PBXContainerItemProxy */;
		};
/* End PBXTargetDependency section */

/* Begin PBXVariantGroup section */
		922BCDB21E8FDD8B00449FD3 /* Main.storyboard */ = {
			isa = PBXVariantGroup;
			children = (
				922BCDB31E8FDD8B00449FD3 /* Base */,
			);
			name = Main.storyboard;
			sourceTree = "<group>";
		};
/* End PBXVariantGroup section */

/* Begin XCBuildConfiguration section */
		922BCDD11E8FDD8B00449FD3 /* Debug */ = {
			isa = XCBuildConfiguration;
			buildSettings = {
				ALWAYS_SEARCH_USER_PATHS = NO;
				CLANG_ANALYZER_NONNULL = YES;
				CLANG_ANALYZER_NUMBER_OBJECT_CONVERSION = YES_AGGRESSIVE;
				CLANG_CXX_LANGUAGE_STANDARD = "gnu++0x";
				CLANG_CXX_LIBRARY = "libc++";
				CLANG_ENABLE_MODULES = YES;
				CLANG_ENABLE_OBJC_ARC = YES;
				CLANG_WARN_BOOL_CONVERSION = YES;
				CLANG_WARN_CONSTANT_CONVERSION = YES;
				CLANG_WARN_DIRECT_OBJC_ISA_USAGE = YES_ERROR;
				CLANG_WARN_DOCUMENTATION_COMMENTS = YES;
				CLANG_WARN_EMPTY_BODY = YES;
				CLANG_WARN_ENUM_CONVERSION = YES;
				CLANG_WARN_INFINITE_RECURSION = YES;
				CLANG_WARN_INT_CONVERSION = YES;
				CLANG_WARN_OBJC_ROOT_CLASS = YES_ERROR;
				CLANG_WARN_SUSPICIOUS_MOVE = YES;
				CLANG_WARN_UNREACHABLE_CODE = YES;
				CLANG_WARN__DUPLICATE_METHOD_MATCH = YES;
				"CODE_SIGN_IDENTITY[sdk=iphoneos*]" = "iPhone Developer";
				COPY_PHASE_STRIP = NO;
				DEBUG_INFORMATION_FORMAT = dwarf;
				ENABLE_STRICT_OBJC_MSGSEND = YES;
				ENABLE_TESTABILITY = YES;
				GCC_C_LANGUAGE_STANDARD = gnu99;
				GCC_DYNAMIC_NO_PIC = NO;
				GCC_NO_COMMON_BLOCKS = YES;
				GCC_OPTIMIZATION_LEVEL = 0;
				GCC_PREPROCESSOR_DEFINITIONS = (
					"DEBUG=1",
					"$(inherited)",
				);
				GCC_WARN_64_TO_32_BIT_CONVERSION = YES;
				GCC_WARN_ABOUT_RETURN_TYPE = YES_ERROR;
				GCC_WARN_UNDECLARED_SELECTOR = YES;
				GCC_WARN_UNINITIALIZED_AUTOS = YES_AGGRESSIVE;
				GCC_WARN_UNUSED_FUNCTION = YES;
				GCC_WARN_UNUSED_VARIABLE = YES;
				IPHONEOS_DEPLOYMENT_TARGET = 10.3;
				MTL_ENABLE_DEBUG_INFO = YES;
				ONLY_ACTIVE_ARCH = YES;
				SDKROOT = iphoneos;
				SWIFT_ACTIVE_COMPILATION_CONDITIONS = DEBUG;
				SWIFT_OPTIMIZATION_LEVEL = "-Onone";
				TARGETED_DEVICE_FAMILY = "1,2";
			};
			name = Debug;
		};
		922BCDD21E8FDD8B00449FD3 /* Release */ = {
			isa = XCBuildConfiguration;
			buildSettings = {
				ALWAYS_SEARCH_USER_PATHS = NO;
				CLANG_ANALYZER_NONNULL = YES;
				CLANG_ANALYZER_NUMBER_OBJECT_CONVERSION = YES_AGGRESSIVE;
				CLANG_CXX_LANGUAGE_STANDARD = "gnu++0x";
				CLANG_CXX_LIBRARY = "libc++";
				CLANG_ENABLE_MODULES = YES;
				CLANG_ENABLE_OBJC_ARC = YES;
				CLANG_WARN_BOOL_CONVERSION = YES;
				CLANG_WARN_CONSTANT_CONVERSION = YES;
				CLANG_WARN_DIRECT_OBJC_ISA_USAGE = YES_ERROR;
				CLANG_WARN_DOCUMENTATION_COMMENTS = YES;
				CLANG_WARN_EMPTY_BODY = YES;
				CLANG_WARN_ENUM_CONVERSION = YES;
				CLANG_WARN_INFINITE_RECURSION = YES;
				CLANG_WARN_INT_CONVERSION = YES;
				CLANG_WARN_OBJC_ROOT_CLASS = YES_ERROR;
				CLANG_WARN_SUSPICIOUS_MOVE = YES;
				CLANG_WARN_UNREACHABLE_CODE = YES;
				CLANG_WARN__DUPLICATE_METHOD_MATCH = YES;
				"CODE_SIGN_IDENTITY[sdk=iphoneos*]" = "iPhone Developer";
				COPY_PHASE_STRIP = NO;
				DEBUG_INFORMATION_FORMAT = "dwarf-with-dsym";
				ENABLE_NS_ASSERTIONS = NO;
				ENABLE_STRICT_OBJC_MSGSEND = YES;
				GCC_C_LANGUAGE_STANDARD = gnu99;
				GCC_NO_COMMON_BLOCKS = YES;
				GCC_WARN_64_TO_32_BIT_CONVERSION = YES;
				GCC_WARN_ABOUT_RETURN_TYPE = YES_ERROR;
				GCC_WARN_UNDECLARED_SELECTOR = YES;
				GCC_WARN_UNINITIALIZED_AUTOS = YES_AGGRESSIVE;
				GCC_WARN_UNUSED_FUNCTION = YES;
				GCC_WARN_UNUSED_VARIABLE = YES;
				IPHONEOS_DEPLOYMENT_TARGET = 10.3;
				MTL_ENABLE_DEBUG_INFO = NO;
				SDKROOT = iphoneos;
				SWIFT_OPTIMIZATION_LEVEL = "-Owholemodule";
				TARGETED_DEVICE_FAMILY = "1,2";
				VALIDATE_PRODUCT = YES;
			};
			name = Release;
		};
		922BCDD41E8FDD8B00449FD3 /* Debug */ = {
			isa = XCBuildConfiguration;
			baseConfigurationReference = B14CA95C5D6E7328F9633901 /* Pods-Get2U.debug.xcconfig */;
			buildSettings = {
				ASSETCATALOG_COMPILER_APPICON_NAME = AppIcon;
				INFOPLIST_FILE = Get2U/Info.plist;
				LD_RUNPATH_SEARCH_PATHS = "$(inherited) @executable_path/Frameworks";
				PRODUCT_BUNDLE_IDENTIFIER = com.blogspot.getthingsright.Get2U;
				PRODUCT_NAME = "$(TARGET_NAME)";
				SWIFT_VERSION = 3.0;
			};
			name = Debug;
		};
		922BCDD51E8FDD8B00449FD3 /* Release */ = {
			isa = XCBuildConfiguration;
			baseConfigurationReference = EF1EA40588C3398B20CE80DB /* Pods-Get2U.release.xcconfig */;
			buildSettings = {
				ASSETCATALOG_COMPILER_APPICON_NAME = AppIcon;
				INFOPLIST_FILE = Get2U/Info.plist;
				LD_RUNPATH_SEARCH_PATHS = "$(inherited) @executable_path/Frameworks";
				PRODUCT_BUNDLE_IDENTIFIER = com.blogspot.getthingsright.Get2U;
				PRODUCT_NAME = "$(TARGET_NAME)";
				SWIFT_VERSION = 3.0;
			};
			name = Release;
		};
		922BCDD71E8FDD8B00449FD3 /* Debug */ = {
			isa = XCBuildConfiguration;
			baseConfigurationReference = 1515D42FF60A6C5193379195 /* Pods-Get2UTests.debug.xcconfig */;
			buildSettings = {
				ALWAYS_EMBED_SWIFT_STANDARD_LIBRARIES = YES;
				BUNDLE_LOADER = "$(TEST_HOST)";
				INFOPLIST_FILE = Get2UTests/Info.plist;
				LD_RUNPATH_SEARCH_PATHS = "$(inherited) @executable_path/Frameworks @loader_path/Frameworks";
				PRODUCT_BUNDLE_IDENTIFIER = com.blogspot.getthingsright.Get2UTests;
				PRODUCT_NAME = "$(TARGET_NAME)";
				SWIFT_VERSION = 3.0;
				TEST_HOST = "$(BUILT_PRODUCTS_DIR)/Get2U.app/Get2U";
			};
			name = Debug;
		};
		922BCDD81E8FDD8B00449FD3 /* Release */ = {
			isa = XCBuildConfiguration;
			baseConfigurationReference = 86B1089973EB30B945B88C78 /* Pods-Get2UTests.release.xcconfig */;
			buildSettings = {
				ALWAYS_EMBED_SWIFT_STANDARD_LIBRARIES = YES;
				BUNDLE_LOADER = "$(TEST_HOST)";
				INFOPLIST_FILE = Get2UTests/Info.plist;
				LD_RUNPATH_SEARCH_PATHS = "$(inherited) @executable_path/Frameworks @loader_path/Frameworks";
				PRODUCT_BUNDLE_IDENTIFIER = com.blogspot.getthingsright.Get2UTests;
				PRODUCT_NAME = "$(TARGET_NAME)";
				SWIFT_VERSION = 3.0;
				TEST_HOST = "$(BUILT_PRODUCTS_DIR)/Get2U.app/Get2U";
			};
			name = Release;
		};
		922BCDDA1E8FDD8B00449FD3 /* Debug */ = {
			isa = XCBuildConfiguration;
			baseConfigurationReference = 437EC2DFBC4A2D6221BC6383 /* Pods-Get2UUITests.debug.xcconfig */;
			buildSettings = {
				ALWAYS_EMBED_SWIFT_STANDARD_LIBRARIES = YES;
				INFOPLIST_FILE = Get2UUITests/Info.plist;
				LD_RUNPATH_SEARCH_PATHS = "$(inherited) @executable_path/Frameworks @loader_path/Frameworks";
				PRODUCT_BUNDLE_IDENTIFIER = com.blogspot.getthingsright.Get2UUITests;
				PRODUCT_NAME = "$(TARGET_NAME)";
				SWIFT_VERSION = 3.0;
				TEST_TARGET_NAME = Get2U;
			};
			name = Debug;
		};
		922BCDDB1E8FDD8B00449FD3 /* Release */ = {
			isa = XCBuildConfiguration;
			baseConfigurationReference = 561482C2840EAF76FD772A55 /* Pods-Get2UUITests.release.xcconfig */;
			buildSettings = {
				ALWAYS_EMBED_SWIFT_STANDARD_LIBRARIES = YES;
				INFOPLIST_FILE = Get2UUITests/Info.plist;
				LD_RUNPATH_SEARCH_PATHS = "$(inherited) @executable_path/Frameworks @loader_path/Frameworks";
				PRODUCT_BUNDLE_IDENTIFIER = com.blogspot.getthingsright.Get2UUITests;
				PRODUCT_NAME = "$(TARGET_NAME)";
				SWIFT_VERSION = 3.0;
				TEST_TARGET_NAME = Get2U;
			};
			name = Release;
		};
/* End XCBuildConfiguration section */

/* Begin XCConfigurationList section */
		922BCDA61E8FDD8B00449FD3 /* Build configuration list for PBXProject "Get2U" */ = {
			isa = XCConfigurationList;
			buildConfigurations = (
				922BCDD11E8FDD8B00449FD3 /* Debug */,
				922BCDD21E8FDD8B00449FD3 /* Release */,
			);
			defaultConfigurationIsVisible = 0;
			defaultConfigurationName = Release;
		};
		922BCDD31E8FDD8B00449FD3 /* Build configuration list for PBXNativeTarget "Get2U" */ = {
			isa = XCConfigurationList;
			buildConfigurations = (
				922BCDD41E8FDD8B00449FD3 /* Debug */,
				922BCDD51E8FDD8B00449FD3 /* Release */,
			);
			defaultConfigurationIsVisible = 0;
			defaultConfigurationName = Release;
		};
		922BCDD61E8FDD8B00449FD3 /* Build configuration list for PBXNativeTarget "Get2UTests" */ = {
			isa = XCConfigurationList;
			buildConfigurations = (
				922BCDD71E8FDD8B00449FD3 /* Debug */,
				922BCDD81E8FDD8B00449FD3 /* Release */,
			);
			defaultConfigurationIsVisible = 0;
			defaultConfigurationName = Release;
		};
		922BCDD91E8FDD8B00449FD3 /* Build configuration list for PBXNativeTarget "Get2UUITests" */ = {
			isa = XCConfigurationList;
			buildConfigurations = (
				922BCDDA1E8FDD8B00449FD3 /* Debug */,
				922BCDDB1E8FDD8B00449FD3 /* Release */,
			);
			defaultConfigurationIsVisible = 0;
			defaultConfigurationName = Release;
		};
/* End XCConfigurationList section */
	};
	rootObject = 922BCDA31E8FDD8B00449FD3 /* Project object */;
}
